
Microsoft Visual Studio Solution File, Format Version 11.00
# Visual C# Express 2010
Project("{FAE04EC0-301F-11D3-BF4B-00C04F79EFBC}") = "PDP1", "PDP1\PDP1.csproj", "{D3D99DC5-CE81-4FEF-A6BE-4FBF003A0043}"
EndProject
Global
	GlobalSection(SolutionConfigurationPlatforms) = preSolution
		Debug|x86 = Debug|x86
		Release|x86 = Release|x86
	EndGlobalSection
	GlobalSection(ProjectConfigurationPlatforms) = postSolution
		{D3D99DC5-CE81-4FEF-A6BE-4FBF003A0043}.Debug|x86.ActiveCfg = Debug|x86
		{D3D99DC5-CE81-4FEF-A6BE-4FBF003A0043}.Debug|x86.Build.0 = Debug|x86
		{D3D99DC5-CE81-4FEF-A6BE-4FBF003A0043}.Release|x86.ActiveCfg = Release|x86
		{D3D99DC5-CE81-4FEF-A6BE-4FBF003A0043}.Release|x86.Build.0 = Release|x86
	EndGlobalSection
	GlobalSection(SolutionProperties) = preSolution
		HideSolutionNode = FALSE
	EndGlobalSection
EndGlobal
